# This file is automatically @generated by Wally.
# It is not intended for manual editing.
registry = "test"

[[package]]
name = "evaera/promise"
version = "4.0.0"
dependencies = []

[[package]]
name = "grilme99/option"
version = "1.0.5"
dependencies = []

[[package]]
name = "poly/silicon"
version = "0.0.1-alpha.1"
dependencies = [["option", "grilme99/option@1.0.5"], ["promise", "evaera/promise@4.0.0"]]
